
Microsoft Visual Studio Solution File, Format Version 12.00
# Visual Studio 15
VisualStudioVersion = 15.0.26730.3
MinimumVisualStudioVersion = 10.0.40219.1
Project("{2150E333-8FDC-42A3-9474-1A3956D46DE8}") = "src", "src", "{AFAA0841-BD93-466F-B8F4-FB4EEC86F1FC}"
EndProject
Project("{2150E333-8FDC-42A3-9474-1A3956D46DE8}") = "Solution Items", "Solution Items", "{8326CDCE-1AB4-4188-96E1-640A068AE3AE}"
EndProject
Project("{2150E333-8FDC-42A3-9474-1A3956D46DE8}") = "test", "test", "{F10AA149-2626-486E-85BB-9CD5365F3016}"
EndProject
Project("{9A19103F-16F7-4668-BE54-9A1E7A4F7556}") = "LinFx", "src\LinFx\LinFx.csproj", "{6A79FF3F-E9CF-4FD3-9D69-9454C14D2308}"
EndProject
Project("{9A19103F-16F7-4668-BE54-9A1E7A4F7556}") = "LinFx.UnitTest", "test\LinFx.UnitTest\LinFx.UnitTest.csproj", "{D9FEE339-22F2-47DF-B2C3-5F94A50E3D03}"
EndProject
Project("{9A19103F-16F7-4668-BE54-9A1E7A4F7556}") = "LinFx.Data", "src\LinFx.Data\LinFx.Data.csproj", "{70B594EA-0B4F-43EA-B202-053CF655BC25}"
EndProject
Global
	GlobalSection(SolutionConfigurationPlatforms) = preSolution
		Debug|Any CPU = Debug|Any CPU
		Release|Any CPU = Release|Any CPU
	EndGlobalSection
	GlobalSection(ProjectConfigurationPlatforms) = postSolution
		{6A79FF3F-E9CF-4FD3-9D69-9454C14D2308}.Debug|Any CPU.ActiveCfg = Debug|Any CPU
		{6A79FF3F-E9CF-4FD3-9D69-9454C14D2308}.Debug|Any CPU.Build.0 = Debug|Any CPU
		{6A79FF3F-E9CF-4FD3-9D69-9454C14D2308}.Release|Any CPU.ActiveCfg = Release|Any CPU
		{6A79FF3F-E9CF-4FD3-9D69-9454C14D2308}.Release|Any CPU.Build.0 = Release|Any CPU
		{D9FEE339-22F2-47DF-B2C3-5F94A50E3D03}.Debug|Any CPU.ActiveCfg = Debug|Any CPU
		{D9FEE339-22F2-47DF-B2C3-5F94A50E3D03}.Debug|Any CPU.Build.0 = Debug|Any CPU
		{D9FEE339-22F2-47DF-B2C3-5F94A50E3D03}.Release|Any CPU.ActiveCfg = Release|Any CPU
		{D9FEE339-22F2-47DF-B2C3-5F94A50E3D03}.Release|Any CPU.Build.0 = Release|Any CPU
		{70B594EA-0B4F-43EA-B202-053CF655BC25}.Debug|Any CPU.ActiveCfg = Debug|Any CPU
		{70B594EA-0B4F-43EA-B202-053CF655BC25}.Debug|Any CPU.Build.0 = Debug|Any CPU
		{70B594EA-0B4F-43EA-B202-053CF655BC25}.Release|Any CPU.ActiveCfg = Release|Any CPU
		{70B594EA-0B4F-43EA-B202-053CF655BC25}.Release|Any CPU.Build.0 = Release|Any CPU
	EndGlobalSection
	GlobalSection(SolutionProperties) = preSolution
		HideSolutionNode = FALSE
	EndGlobalSection
	GlobalSection(NestedProjects) = preSolution
		{6A79FF3F-E9CF-4FD3-9D69-9454C14D2308} = {AFAA0841-BD93-466F-B8F4-FB4EEC86F1FC}
		{D9FEE339-22F2-47DF-B2C3-5F94A50E3D03} = {F10AA149-2626-486E-85BB-9CD5365F3016}
		{70B594EA-0B4F-43EA-B202-053CF655BC25} = {AFAA0841-BD93-466F-B8F4-FB4EEC86F1FC}
	EndGlobalSection
	GlobalSection(ExtensibilityGlobals) = postSolution
		SolutionGuid = {981224F0-3832-4B00-96EC-A2243EA34009}
	EndGlobalSection
EndGlobal
