
Microsoft Visual Studio Solution File, Format Version 12.00
# Visual Studio Version 17
VisualStudioVersion = 17.0.31912.275
MinimumVisualStudioVersion = 10.0.40219.1
Project("{9A19103F-16F7-4668-BE54-9A1E7A4F7556}") = "LinFx", "src\LinFx\LinFx.csproj", "{6A79FF3F-E9CF-4FD3-9D69-9454C14D2308}"
EndProject
Project("{2150E333-8FDC-42A3-9474-1A3956D46DE8}") = "docs", "docs", "{CB28C410-8E1C-45DA-810D-7E5CBC7FBA9D}"
	ProjectSection(SolutionItems) = preProject
		common.props = common.props
		README.md = README.md
	EndProjectSection
EndProject
Project("{2150E333-8FDC-42A3-9474-1A3956D46DE8}") = "framework", "framework", "{19BCDCAB-8076-4D78-BDED-682974410439}"
EndProject
Project("{2150E333-8FDC-42A3-9474-1A3956D46DE8}") = "modules", "modules", "{9DEED058-8D9B-48D1-91F7-1406F3516025}"
EndProject
Project("{2150E333-8FDC-42A3-9474-1A3956D46DE8}") = "permission-management", "permission-management", "{0B1C4C0C-3A82-4536-93C4-523CF1942042}"
EndProject
Project("{2150E333-8FDC-42A3-9474-1A3956D46DE8}") = "tenant-management", "tenant-management", "{60A6BD00-1466-4372-A014-60692DDC5DC5}"
EndProject
Project("{2150E333-8FDC-42A3-9474-1A3956D46DE8}") = "audit-logging", "audit-logging", "{61D4C561-69C5-44D6-B76C-BCE5D7D3F951}"
EndProject
Project("{2150E333-8FDC-42A3-9474-1A3956D46DE8}") = "samples", "samples", "{2811B54F-6B0C-4073-8DF3-048CCDA1202C}"
EndProject
Project("{9A19103F-16F7-4668-BE54-9A1E7A4F7556}") = "IdentityService.Host", "samples\IdentityService.Host\IdentityService.Host.csproj", "{52CE1966-6E59-4255-822A-4988D48BA3B0}"
EndProject
Project("{9A19103F-16F7-4668-BE54-9A1E7A4F7556}") = "LinFx.Extensions.Autofac", "src\LinFx.Extensions.Autofac\LinFx.Extensions.Autofac.csproj", "{66C807DB-219D-4EF8-9BC9-767C6B9397CE}"
EndProject
Project("{9A19103F-16F7-4668-BE54-9A1E7A4F7556}") = "LinFx.Extensions.MongoDB", "src\LinFx.Extensions.MongoDB\LinFx.Extensions.MongoDB.csproj", "{CDFAB5F1-6E70-433C-BE2F-674AAE161AEE}"
EndProject
Project("{9A19103F-16F7-4668-BE54-9A1E7A4F7556}") = "LinFx.Extensions.Kafka", "src\LinFx.Extensions.Kafka\LinFx.Extensions.Kafka.csproj", "{87C17013-AC47-40AB-9166-B795D79DBEEA}"
EndProject
Project("{9A19103F-16F7-4668-BE54-9A1E7A4F7556}") = "LinFx.Extensions.EntityFrameworkCore", "src\LinFx.Extensions.EntityFrameworkCore\LinFx.Extensions.EntityFrameworkCore.csproj", "{DDE4025C-9A77-4699-AAA3-6B3D1CBE2D39}"
EndProject
Project("{9A19103F-16F7-4668-BE54-9A1E7A4F7556}") = "LinFx.Extensions.AspNetCore", "src\LinFx.Extensions.AspNetCore\LinFx.Extensions.AspNetCore.csproj", "{3EEA8A0E-E205-4A8D-A8E9-9E93236916F5}"
EndProject
Project("{9A19103F-16F7-4668-BE54-9A1E7A4F7556}") = "LinFx.Extensions.RabbitMQ", "src\LinFx.Extensions.RabbitMQ\LinFx.Extensions.RabbitMQ.csproj", "{48F40483-44D1-4E24-A7CC-D6012E565473}"
EndProject
Project("{9A19103F-16F7-4668-BE54-9A1E7A4F7556}") = "LinFx.Extensions.EventBus.RabbitMQ", "src\LinFx.Extensions.EventBus.RabbitMQ\LinFx.Extensions.EventBus.RabbitMQ.csproj", "{EC6D4AEE-BBDD-4254-8118-D5107C0B1403}"
EndProject
Project("{9A19103F-16F7-4668-BE54-9A1E7A4F7556}") = "LinFx.Extensions.EventBus.Kafka", "src\LinFx.Extensions.EventBus.Kafka\LinFx.Extensions.EventBus.Kafka.csproj", "{055C42B4-30D3-454D-B827-3418ED37DC59}"
EndProject
Project("{2150E333-8FDC-42A3-9474-1A3956D46DE8}") = "feature-management", "feature-management", "{50D919A4-9D74-45A1-B233-4E3F79BAD00F}"
EndProject
Project("{FAE04EC0-301F-11D3-BF4B-00C04F79EFBC}") = "LinFx.Extensions.FeatureManagement", "src\LinFx.Extensions.FeatureManagement\LinFx.Extensions.FeatureManagement.csproj", "{26D4E66B-3C19-4FA3-896A-C331A4CBE8BE}"
EndProject
Project("{9A19103F-16F7-4668-BE54-9A1E7A4F7556}") = "LinFx.Extensions.AuditLogging", "src\LinFx.Extensions.AuditLogging\LinFx.Extensions.AuditLogging.csproj", "{95796702-87E0-41F4-851B-3870BE5ECC0B}"
EndProject
Project("{9A19103F-16F7-4668-BE54-9A1E7A4F7556}") = "LinFx.Extensions.PermissionManagement", "src\LinFx.Extensions.PermissionManagement\LinFx.Extensions.PermissionManagement.csproj", "{BE2B7F27-0568-4679-AF0F-61734A8C4EB1}"
EndProject
Project("{9A19103F-16F7-4668-BE54-9A1E7A4F7556}") = "LinFx.Extensions.TenantManagement", "src\LinFx.Extensions.TenantManagement\LinFx.Extensions.TenantManagement.csproj", "{596D5D06-BE6C-4BB3-B15B-CBFE3AED86DF}"
EndProject
Project("{9A19103F-16F7-4668-BE54-9A1E7A4F7556}") = "LinFx.Extensions.PermissionManagement.HttpApi", "src\LinFx.Extensions.PermissionManagement.HttpApi\LinFx.Extensions.PermissionManagement.HttpApi.csproj", "{A9E4F827-3900-4224-B9FD-43018736E974}"
EndProject
Project("{9A19103F-16F7-4668-BE54-9A1E7A4F7556}") = "LinFx.Extensions.TenantManagement.HttpApi", "src\LinFx.Extensions.TenantManagement.HttpApi\LinFx.Extensions.TenantManagement.HttpApi.csproj", "{36C2B194-AE56-4DAD-9719-778A6EE1715E}"
EndProject
Project("{FAE04EC0-301F-11D3-BF4B-00C04F79EFBC}") = "LinFx.Extensions.FeatureManagement.HttpApi", "src\LinFx.Extensions.FeatureManagement.HttpApi\LinFx.Extensions.FeatureManagement.HttpApi.csproj", "{3B6ED6CE-0897-440C-BAE8-3F414603D4BF}"
EndProject
Global
	GlobalSection(SolutionConfigurationPlatforms) = preSolution
		Debug|Any CPU = Debug|Any CPU
		Release|Any CPU = Release|Any CPU
	EndGlobalSection
	GlobalSection(ProjectConfigurationPlatforms) = postSolution
		{6A79FF3F-E9CF-4FD3-9D69-9454C14D2308}.Debug|Any CPU.ActiveCfg = Debug|Any CPU
		{6A79FF3F-E9CF-4FD3-9D69-9454C14D2308}.Debug|Any CPU.Build.0 = Debug|Any CPU
		{6A79FF3F-E9CF-4FD3-9D69-9454C14D2308}.Release|Any CPU.ActiveCfg = Release|Any CPU
		{6A79FF3F-E9CF-4FD3-9D69-9454C14D2308}.Release|Any CPU.Build.0 = Release|Any CPU
		{52CE1966-6E59-4255-822A-4988D48BA3B0}.Debug|Any CPU.ActiveCfg = Debug|Any CPU
		{52CE1966-6E59-4255-822A-4988D48BA3B0}.Debug|Any CPU.Build.0 = Debug|Any CPU
		{52CE1966-6E59-4255-822A-4988D48BA3B0}.Release|Any CPU.ActiveCfg = Release|Any CPU
		{52CE1966-6E59-4255-822A-4988D48BA3B0}.Release|Any CPU.Build.0 = Release|Any CPU
		{66C807DB-219D-4EF8-9BC9-767C6B9397CE}.Debug|Any CPU.ActiveCfg = Debug|Any CPU
		{66C807DB-219D-4EF8-9BC9-767C6B9397CE}.Debug|Any CPU.Build.0 = Debug|Any CPU
		{66C807DB-219D-4EF8-9BC9-767C6B9397CE}.Release|Any CPU.ActiveCfg = Release|Any CPU
		{66C807DB-219D-4EF8-9BC9-767C6B9397CE}.Release|Any CPU.Build.0 = Release|Any CPU
		{CDFAB5F1-6E70-433C-BE2F-674AAE161AEE}.Debug|Any CPU.ActiveCfg = Debug|Any CPU
		{CDFAB5F1-6E70-433C-BE2F-674AAE161AEE}.Debug|Any CPU.Build.0 = Debug|Any CPU
		{CDFAB5F1-6E70-433C-BE2F-674AAE161AEE}.Release|Any CPU.ActiveCfg = Release|Any CPU
		{CDFAB5F1-6E70-433C-BE2F-674AAE161AEE}.Release|Any CPU.Build.0 = Release|Any CPU
		{87C17013-AC47-40AB-9166-B795D79DBEEA}.Debug|Any CPU.ActiveCfg = Debug|Any CPU
		{87C17013-AC47-40AB-9166-B795D79DBEEA}.Debug|Any CPU.Build.0 = Debug|Any CPU
		{87C17013-AC47-40AB-9166-B795D79DBEEA}.Release|Any CPU.ActiveCfg = Release|Any CPU
		{87C17013-AC47-40AB-9166-B795D79DBEEA}.Release|Any CPU.Build.0 = Release|Any CPU
		{DDE4025C-9A77-4699-AAA3-6B3D1CBE2D39}.Debug|Any CPU.ActiveCfg = Debug|Any CPU
		{DDE4025C-9A77-4699-AAA3-6B3D1CBE2D39}.Debug|Any CPU.Build.0 = Debug|Any CPU
		{DDE4025C-9A77-4699-AAA3-6B3D1CBE2D39}.Release|Any CPU.ActiveCfg = Release|Any CPU
		{DDE4025C-9A77-4699-AAA3-6B3D1CBE2D39}.Release|Any CPU.Build.0 = Release|Any CPU
		{3EEA8A0E-E205-4A8D-A8E9-9E93236916F5}.Debug|Any CPU.ActiveCfg = Debug|Any CPU
		{3EEA8A0E-E205-4A8D-A8E9-9E93236916F5}.Debug|Any CPU.Build.0 = Debug|Any CPU
		{3EEA8A0E-E205-4A8D-A8E9-9E93236916F5}.Release|Any CPU.ActiveCfg = Release|Any CPU
		{3EEA8A0E-E205-4A8D-A8E9-9E93236916F5}.Release|Any CPU.Build.0 = Release|Any CPU
		{48F40483-44D1-4E24-A7CC-D6012E565473}.Debug|Any CPU.ActiveCfg = Debug|Any CPU
		{48F40483-44D1-4E24-A7CC-D6012E565473}.Debug|Any CPU.Build.0 = Debug|Any CPU
		{48F40483-44D1-4E24-A7CC-D6012E565473}.Release|Any CPU.ActiveCfg = Release|Any CPU
		{48F40483-44D1-4E24-A7CC-D6012E565473}.Release|Any CPU.Build.0 = Release|Any CPU
		{EC6D4AEE-BBDD-4254-8118-D5107C0B1403}.Debug|Any CPU.ActiveCfg = Debug|Any CPU
		{EC6D4AEE-BBDD-4254-8118-D5107C0B1403}.Debug|Any CPU.Build.0 = Debug|Any CPU
		{EC6D4AEE-BBDD-4254-8118-D5107C0B1403}.Release|Any CPU.ActiveCfg = Release|Any CPU
		{EC6D4AEE-BBDD-4254-8118-D5107C0B1403}.Release|Any CPU.Build.0 = Release|Any CPU
		{055C42B4-30D3-454D-B827-3418ED37DC59}.Debug|Any CPU.ActiveCfg = Debug|Any CPU
		{055C42B4-30D3-454D-B827-3418ED37DC59}.Debug|Any CPU.Build.0 = Debug|Any CPU
		{055C42B4-30D3-454D-B827-3418ED37DC59}.Release|Any CPU.ActiveCfg = Release|Any CPU
		{055C42B4-30D3-454D-B827-3418ED37DC59}.Release|Any CPU.Build.0 = Release|Any CPU
		{26D4E66B-3C19-4FA3-896A-C331A4CBE8BE}.Debug|Any CPU.ActiveCfg = Debug|Any CPU
		{26D4E66B-3C19-4FA3-896A-C331A4CBE8BE}.Debug|Any CPU.Build.0 = Debug|Any CPU
		{26D4E66B-3C19-4FA3-896A-C331A4CBE8BE}.Release|Any CPU.ActiveCfg = Release|Any CPU
		{26D4E66B-3C19-4FA3-896A-C331A4CBE8BE}.Release|Any CPU.Build.0 = Release|Any CPU
		{95796702-87E0-41F4-851B-3870BE5ECC0B}.Debug|Any CPU.ActiveCfg = Debug|Any CPU
		{95796702-87E0-41F4-851B-3870BE5ECC0B}.Debug|Any CPU.Build.0 = Debug|Any CPU
		{95796702-87E0-41F4-851B-3870BE5ECC0B}.Release|Any CPU.ActiveCfg = Release|Any CPU
		{95796702-87E0-41F4-851B-3870BE5ECC0B}.Release|Any CPU.Build.0 = Release|Any CPU
		{BE2B7F27-0568-4679-AF0F-61734A8C4EB1}.Debug|Any CPU.ActiveCfg = Debug|Any CPU
		{BE2B7F27-0568-4679-AF0F-61734A8C4EB1}.Debug|Any CPU.Build.0 = Debug|Any CPU
		{BE2B7F27-0568-4679-AF0F-61734A8C4EB1}.Release|Any CPU.ActiveCfg = Release|Any CPU
		{BE2B7F27-0568-4679-AF0F-61734A8C4EB1}.Release|Any CPU.Build.0 = Release|Any CPU
		{596D5D06-BE6C-4BB3-B15B-CBFE3AED86DF}.Debug|Any CPU.ActiveCfg = Debug|Any CPU
		{596D5D06-BE6C-4BB3-B15B-CBFE3AED86DF}.Debug|Any CPU.Build.0 = Debug|Any CPU
		{596D5D06-BE6C-4BB3-B15B-CBFE3AED86DF}.Release|Any CPU.ActiveCfg = Release|Any CPU
		{596D5D06-BE6C-4BB3-B15B-CBFE3AED86DF}.Release|Any CPU.Build.0 = Release|Any CPU
		{A9E4F827-3900-4224-B9FD-43018736E974}.Debug|Any CPU.ActiveCfg = Debug|Any CPU
		{A9E4F827-3900-4224-B9FD-43018736E974}.Debug|Any CPU.Build.0 = Debug|Any CPU
		{A9E4F827-3900-4224-B9FD-43018736E974}.Release|Any CPU.ActiveCfg = Release|Any CPU
		{A9E4F827-3900-4224-B9FD-43018736E974}.Release|Any CPU.Build.0 = Release|Any CPU
		{36C2B194-AE56-4DAD-9719-778A6EE1715E}.Debug|Any CPU.ActiveCfg = Debug|Any CPU
		{36C2B194-AE56-4DAD-9719-778A6EE1715E}.Debug|Any CPU.Build.0 = Debug|Any CPU
		{36C2B194-AE56-4DAD-9719-778A6EE1715E}.Release|Any CPU.ActiveCfg = Release|Any CPU
		{36C2B194-AE56-4DAD-9719-778A6EE1715E}.Release|Any CPU.Build.0 = Release|Any CPU
		{3B6ED6CE-0897-440C-BAE8-3F414603D4BF}.Debug|Any CPU.ActiveCfg = Debug|Any CPU
		{3B6ED6CE-0897-440C-BAE8-3F414603D4BF}.Debug|Any CPU.Build.0 = Debug|Any CPU
		{3B6ED6CE-0897-440C-BAE8-3F414603D4BF}.Release|Any CPU.ActiveCfg = Release|Any CPU
		{3B6ED6CE-0897-440C-BAE8-3F414603D4BF}.Release|Any CPU.Build.0 = Release|Any CPU
	EndGlobalSection
	GlobalSection(SolutionProperties) = preSolution
		HideSolutionNode = FALSE
	EndGlobalSection
	GlobalSection(NestedProjects) = preSolution
		{6A79FF3F-E9CF-4FD3-9D69-9454C14D2308} = {19BCDCAB-8076-4D78-BDED-682974410439}
		{0B1C4C0C-3A82-4536-93C4-523CF1942042} = {9DEED058-8D9B-48D1-91F7-1406F3516025}
		{60A6BD00-1466-4372-A014-60692DDC5DC5} = {9DEED058-8D9B-48D1-91F7-1406F3516025}
		{61D4C561-69C5-44D6-B76C-BCE5D7D3F951} = {9DEED058-8D9B-48D1-91F7-1406F3516025}
		{52CE1966-6E59-4255-822A-4988D48BA3B0} = {2811B54F-6B0C-4073-8DF3-048CCDA1202C}
		{66C807DB-219D-4EF8-9BC9-767C6B9397CE} = {19BCDCAB-8076-4D78-BDED-682974410439}
		{CDFAB5F1-6E70-433C-BE2F-674AAE161AEE} = {19BCDCAB-8076-4D78-BDED-682974410439}
		{87C17013-AC47-40AB-9166-B795D79DBEEA} = {19BCDCAB-8076-4D78-BDED-682974410439}
		{DDE4025C-9A77-4699-AAA3-6B3D1CBE2D39} = {19BCDCAB-8076-4D78-BDED-682974410439}
		{3EEA8A0E-E205-4A8D-A8E9-9E93236916F5} = {19BCDCAB-8076-4D78-BDED-682974410439}
		{48F40483-44D1-4E24-A7CC-D6012E565473} = {19BCDCAB-8076-4D78-BDED-682974410439}
		{EC6D4AEE-BBDD-4254-8118-D5107C0B1403} = {19BCDCAB-8076-4D78-BDED-682974410439}
		{055C42B4-30D3-454D-B827-3418ED37DC59} = {19BCDCAB-8076-4D78-BDED-682974410439}
		{50D919A4-9D74-45A1-B233-4E3F79BAD00F} = {9DEED058-8D9B-48D1-91F7-1406F3516025}
		{26D4E66B-3C19-4FA3-896A-C331A4CBE8BE} = {50D919A4-9D74-45A1-B233-4E3F79BAD00F}
		{95796702-87E0-41F4-851B-3870BE5ECC0B} = {61D4C561-69C5-44D6-B76C-BCE5D7D3F951}
		{BE2B7F27-0568-4679-AF0F-61734A8C4EB1} = {0B1C4C0C-3A82-4536-93C4-523CF1942042}
		{596D5D06-BE6C-4BB3-B15B-CBFE3AED86DF} = {60A6BD00-1466-4372-A014-60692DDC5DC5}
		{A9E4F827-3900-4224-B9FD-43018736E974} = {0B1C4C0C-3A82-4536-93C4-523CF1942042}
		{36C2B194-AE56-4DAD-9719-778A6EE1715E} = {60A6BD00-1466-4372-A014-60692DDC5DC5}
		{3B6ED6CE-0897-440C-BAE8-3F414603D4BF} = {50D919A4-9D74-45A1-B233-4E3F79BAD00F}
	EndGlobalSection
	GlobalSection(ExtensibilityGlobals) = postSolution
		SolutionGuid = {981224F0-3832-4B00-96EC-A2243EA34009}
	EndGlobalSection
EndGlobal
