
Microsoft Visual Studio Solution File, Format Version 12.00
# Visual Studio 15
VisualStudioVersion = 15.0.27130.2010
MinimumVisualStudioVersion = 10.0.40219.1
Project("{9A19103F-16F7-4668-BE54-9A1E7A4F7556}") = "LinFx", "src\LinFx\LinFx.csproj", "{6A79FF3F-E9CF-4FD3-9D69-9454C14D2308}"
EndProject
Project("{9A19103F-16F7-4668-BE54-9A1E7A4F7556}") = "LinFx.Test", "test\LinFx.Test\LinFx.Test.csproj", "{F4E5371A-1577-43F1-B9AE-35074553A7BB}"
EndProject
Project("{9A19103F-16F7-4668-BE54-9A1E7A4F7556}") = "LinFx.Web", "src\LinFx.Web\LinFx.Web.csproj", "{8DF7E606-C488-4B77-A70D-D6614240E72E}"
EndProject
Global
	GlobalSection(SolutionConfigurationPlatforms) = preSolution
		Debug|Any CPU = Debug|Any CPU
		Release|Any CPU = Release|Any CPU
	EndGlobalSection
	GlobalSection(ProjectConfigurationPlatforms) = postSolution
		{6A79FF3F-E9CF-4FD3-9D69-9454C14D2308}.Debug|Any CPU.ActiveCfg = Debug|Any CPU
		{6A79FF3F-E9CF-4FD3-9D69-9454C14D2308}.Debug|Any CPU.Build.0 = Debug|Any CPU
		{6A79FF3F-E9CF-4FD3-9D69-9454C14D2308}.Release|Any CPU.ActiveCfg = Release|Any CPU
		{6A79FF3F-E9CF-4FD3-9D69-9454C14D2308}.Release|Any CPU.Build.0 = Release|Any CPU
		{F4E5371A-1577-43F1-B9AE-35074553A7BB}.Debug|Any CPU.ActiveCfg = Debug|Any CPU
		{F4E5371A-1577-43F1-B9AE-35074553A7BB}.Debug|Any CPU.Build.0 = Debug|Any CPU
		{F4E5371A-1577-43F1-B9AE-35074553A7BB}.Release|Any CPU.ActiveCfg = Release|Any CPU
		{F4E5371A-1577-43F1-B9AE-35074553A7BB}.Release|Any CPU.Build.0 = Release|Any CPU
		{8DF7E606-C488-4B77-A70D-D6614240E72E}.Debug|Any CPU.ActiveCfg = Debug|Any CPU
		{8DF7E606-C488-4B77-A70D-D6614240E72E}.Debug|Any CPU.Build.0 = Debug|Any CPU
		{8DF7E606-C488-4B77-A70D-D6614240E72E}.Release|Any CPU.ActiveCfg = Release|Any CPU
		{8DF7E606-C488-4B77-A70D-D6614240E72E}.Release|Any CPU.Build.0 = Release|Any CPU
	EndGlobalSection
	GlobalSection(SolutionProperties) = preSolution
		HideSolutionNode = FALSE
	EndGlobalSection
	GlobalSection(ExtensibilityGlobals) = postSolution
		SolutionGuid = {981224F0-3832-4B00-96EC-A2243EA34009}
	EndGlobalSection
EndGlobal
